{
    "_meta": {
        "hash": {
            "sha256": "3ab5daa8c22cf78218120d8e3dd09aa9b730b73522e76df0c8e25ed97601ed3e"
        },
        "pipfile-spec": 6,
        "requires": {
            "python_version": "3.7"
        },
        "sources": [
            {
                "name": "pypi",
                "url": "https://pypi.org/simple",
                "verify_ssl": true
            }
        ]
    },
    "default": {
        "importlib-metadata": {
            "hashes": [
                "sha256:43dd286a2cd8995d5eaef7fee2066340423b818ed3fd70adf0bad5f1fac53fed",
                "sha256:92501cdf9cc66ebd3e612f1b4f0c0765dfa42f0fa38ffb319b6bd84dd675d705"
            ],
            "markers": "python_version < '3.8'",
            "version": "==6.6.0"
        },
        "pymediainfo": {
            "hashes": [
                "sha256:81165e895e1e362fa11c128ce2bc976cb8a74224f96f309a88ee047106041b0a",
                "sha256:96e04bac0dfcb726bed70c314b1219121c4b9344c66a98f426ce27d7f9abffb0",
                "sha256:bb3a48ac9706626fd2fa7881f4271728459a1c9a082917deb0c7dd343d8a1be5",
                "sha256:c38e79d4d2062732ae555b564c3cac18a6de4f36e033066c617f386cf5e77564"
            ],
            "index": "pypi",
            "version": "==6.0.1"
        },
        "typing-extensions": {
            "hashes": [
                "sha256:88a4153d8505aabbb4e13aacb7c486c2b4a33ca3b3f807914a9b4c844c471c26",
                "sha256:d91d5919357fe7f681a9f2b5b4cb2a5f1ef0a1e9f59c4d8ff0d3491e05c0ffd5"
            ],
            "markers": "python_version < '3.8'",
            "version": "==4.6.3"
        },
        "zipp": {
            "hashes": [
                "sha256:112929ad649da941c23de50f356a2b5570c954b65150642bccdd66bf194d224b",
                "sha256:48904fc76a60e542af151aded95726c1a5c34ed43ab4134b597665c86d7ad556"
            ],
            "markers": "python_version >= '3.7'",
            "version": "==3.15.0"
        }
    },
    "develop": {}
}
